# This file is autogenerated, do not edit; changes may be undone by the next 'dep ensure'.


[[projects]]
  name = "github.com/bwmarrin/discordgo"
  packages = ["."]
  revision = "4a33b9bc7c56cfdb9bb244e33e83cb3941fe2bdc"
  version = "v0.18.0"

[[projects]]
  name = "github.com/gorilla/websocket"
  packages = ["."]
  revision = "ea4d1f681babbce9545c9c5f3d5194a789c89f5b"
  version = "v1.2.0"

[[projects]]
  name = "github.com/paulbellamy/ratecounter"
  packages = ["."]
  revision = "524851a93235ac051e3540563ed7909357fe24ab"
  version = "v0.2.0"

[[projects]]
  branch = "master"
  name = "golang.org/x/crypto"
  packages = [
    "nacl/secretbox",
    "poly1305",
    "salsa20/salsa"
  ]
  revision = "7d9177d70076375b9a59c8fde23d52d9c4a7ecd5"

[solve-meta]
  analyzer-name = "dep"
  analyzer-version = 1
  inputs-digest = "0a114ea27bcdcadead322499d1fe72fbf17dbe5822619d9904ed40cc73004a41"
  solver-name = "gps-cdcl"
  solver-version = 1
