# This file is autogenerated, do not edit; changes may be undone by the next 'dep ensure'.


[[projects]]
  branch = "master"
  name = "github.com/bwmarrin/discordgo"
  packages = ["."]
  revision = "0993a94b4e1c3291bed2047f583f34792269355c"

[[projects]]
  branch = "master"
  name = "github.com/gorilla/websocket"
  packages = ["."]
  revision = "a91eba7f97777409bc2c443f5534d41dd20c5720"

[[projects]]
  branch = "master"
  name = "golang.org/x/crypto"
  packages = ["nacl/secretbox","poly1305","salsa20/salsa"]
  revision = "351dc6a5bf92a5f2ae22fadeee08eb6a45aa2d93"

[solve-meta]
  analyzer-name = "dep"
  analyzer-version = 1
  inputs-digest = "d8b2ae87d6b46ed5a0b43c6f0840c4ef248abc4e941e31f4b6f58faad44c7be9"
  solver-name = "gps-cdcl"
  solver-version = 1
